
Microsoft Visual Studio Solution File, Format Version 12.00
# Visual Studio 15
VisualStudioVersion = 15.0.27428.2011
MinimumVisualStudioVersion = 10.0.40219.1
Project("{2150E333-8FDC-42A3-9474-1A3956D46DE8}") = "Source", "Source", "{F7F1BDAA-009D-4BDE-8833-22C272A033B2}"
EndProject
Project("{2150E333-8FDC-42A3-9474-1A3956D46DE8}") = "Droid", "Droid", "{6BE82449-A7B3-468A-9699-FB07D720D2C4}"
EndProject
Project("{2150E333-8FDC-42A3-9474-1A3956D46DE8}") = "Test", "Test", "{9D8586A7-F188-42CA-A279-13EDF972E17A}"
EndProject
Project("{2150E333-8FDC-42A3-9474-1A3956D46DE8}") = "Droid", "Droid", "{F1039B4A-539B-4007-963D-D9EB16063378}"
EndProject
Project("{FAE04EC0-301F-11D3-BF4B-00C04F79EFBC}") = "BSN.Resa.NetworkQuality.Droid.Tests", "Test\Droid\BSN.Resa.NetworkQuality.Droid.Tests\BSN.Resa.NetworkQuality.Droid.Tests.csproj", "{AD7B78B0-AE51-4FB7-9B11-4E22A2B538CA}"
EndProject
Project("{FAE04EC0-301F-11D3-BF4B-00C04F79EFBC}") = "BSN.Resa.NetworkQuality.Droid.Manual.Tests", "Test\Droid\BSN.Resa.NetworkQuality.Droid.Manual.Tests\BSN.Resa.NetworkQuality.Droid.Manual.Tests.csproj", "{637BC13C-08FE-462B-A1E1-FD987AD83D82}"
EndProject
Project("{FAE04EC0-301F-11D3-BF4B-00C04F79EFBC}") = "BSN.Resa.NetworkQuality.Droid", "Source\Droid\BSN.Resa.NetworkQuality.Droid\BSN.Resa.NetworkQuality.Droid.csproj", "{CCD13C4C-2AA2-4E52-B891-610FC4D95CD6}"
EndProject
Global
	GlobalSection(SolutionConfigurationPlatforms) = preSolution
		Debug|Any CPU = Debug|Any CPU
		Release|Any CPU = Release|Any CPU
	EndGlobalSection
	GlobalSection(ProjectConfigurationPlatforms) = postSolution
		{AD7B78B0-AE51-4FB7-9B11-4E22A2B538CA}.Debug|Any CPU.ActiveCfg = Debug|Any CPU
		{AD7B78B0-AE51-4FB7-9B11-4E22A2B538CA}.Debug|Any CPU.Build.0 = Debug|Any CPU
		{AD7B78B0-AE51-4FB7-9B11-4E22A2B538CA}.Debug|Any CPU.Deploy.0 = Debug|Any CPU
		{AD7B78B0-AE51-4FB7-9B11-4E22A2B538CA}.Release|Any CPU.ActiveCfg = Release|Any CPU
		{AD7B78B0-AE51-4FB7-9B11-4E22A2B538CA}.Release|Any CPU.Build.0 = Release|Any CPU
		{AD7B78B0-AE51-4FB7-9B11-4E22A2B538CA}.Release|Any CPU.Deploy.0 = Release|Any CPU
		{637BC13C-08FE-462B-A1E1-FD987AD83D82}.Debug|Any CPU.ActiveCfg = Debug|Any CPU
		{637BC13C-08FE-462B-A1E1-FD987AD83D82}.Debug|Any CPU.Build.0 = Debug|Any CPU
		{637BC13C-08FE-462B-A1E1-FD987AD83D82}.Debug|Any CPU.Deploy.0 = Debug|Any CPU
		{637BC13C-08FE-462B-A1E1-FD987AD83D82}.Release|Any CPU.ActiveCfg = Release|Any CPU
		{637BC13C-08FE-462B-A1E1-FD987AD83D82}.Release|Any CPU.Build.0 = Release|Any CPU
		{637BC13C-08FE-462B-A1E1-FD987AD83D82}.Release|Any CPU.Deploy.0 = Release|Any CPU
		{CCD13C4C-2AA2-4E52-B891-610FC4D95CD6}.Debug|Any CPU.ActiveCfg = Debug|Any CPU
		{CCD13C4C-2AA2-4E52-B891-610FC4D95CD6}.Debug|Any CPU.Build.0 = Debug|Any CPU
		{CCD13C4C-2AA2-4E52-B891-610FC4D95CD6}.Release|Any CPU.ActiveCfg = Release|Any CPU
		{CCD13C4C-2AA2-4E52-B891-610FC4D95CD6}.Release|Any CPU.Build.0 = Release|Any CPU
	EndGlobalSection
	GlobalSection(SolutionProperties) = preSolution
		HideSolutionNode = FALSE
	EndGlobalSection
	GlobalSection(NestedProjects) = preSolution
		{6BE82449-A7B3-468A-9699-FB07D720D2C4} = {F7F1BDAA-009D-4BDE-8833-22C272A033B2}
		{F1039B4A-539B-4007-963D-D9EB16063378} = {9D8586A7-F188-42CA-A279-13EDF972E17A}
		{AD7B78B0-AE51-4FB7-9B11-4E22A2B538CA} = {F1039B4A-539B-4007-963D-D9EB16063378}
		{637BC13C-08FE-462B-A1E1-FD987AD83D82} = {F1039B4A-539B-4007-963D-D9EB16063378}
		{CCD13C4C-2AA2-4E52-B891-610FC4D95CD6} = {6BE82449-A7B3-468A-9699-FB07D720D2C4}
	EndGlobalSection
	GlobalSection(ExtensibilityGlobals) = postSolution
		SolutionGuid = {E3B0DA53-914B-46DA-93F4-D18D627D98FF}
	EndGlobalSection
EndGlobal
